
Microsoft Visual Studio Solution File, Format Version 12.00
# Visual Studio Version 17
VisualStudioVersion = 17.14.36908.2 d17.14
MinimumVisualStudioVersion = 10.0.40219.1
Project("{FAE04EC0-301F-11D3-BF4B-00C04F79EFBC}") = "Api", "Api.csproj", "{A827C80E-F9AF-4061-86E9-3AE6DC04B801}"
EndProject
Global
	GlobalSection(SolutionConfigurationPlatforms) = preSolution
		Debug|Any CPU = Debug|Any CPU
		Release|Any CPU = Release|Any CPU
	EndGlobalSection
	GlobalSection(ProjectConfigurationPlatforms) = postSolution
		{A827C80E-F9AF-4061-86E9-3AE6DC04B801}.Debug|Any CPU.ActiveCfg = Debug|Any CPU
		{A827C80E-F9AF-4061-86E9-3AE6DC04B801}.Debug|Any CPU.Build.0 = Debug|Any CPU
		{A827C80E-F9AF-4061-86E9-3AE6DC04B801}.Release|Any CPU.ActiveCfg = Release|Any CPU
		{A827C80E-F9AF-4061-86E9-3AE6DC04B801}.Release|Any CPU.Build.0 = Release|Any CPU
	EndGlobalSection
	GlobalSection(SolutionProperties) = preSolution
		HideSolutionNode = FALSE
	EndGlobalSection
	GlobalSection(ExtensibilityGlobals) = postSolution
		SolutionGuid = {A8235CCD-7D12-4163-8DF0-05E0A738CA0A}
	EndGlobalSection
EndGlobal
